
Microsoft Visual Studio Solution File, Format Version 12.00
# Visual Studio Version 16
VisualStudioVersion = 16.0.29209.152
MinimumVisualStudioVersion = 10.0.40219.1
Project("{9A19103F-16F7-4668-BE54-9A1E7A4F7556}") = "Surface", "src\Surface\Surface.csproj", "{189C5EFC-6197-49D0-AF80-7E690BE1F58E}"
EndProject
Project("{9A19103F-16F7-4668-BE54-9A1E7A4F7556}") = "MapGenerator", "src\MapGenerator\MapGenerator.csproj", "{69047061-7742-4072-B082-30C422DEEB8E}"
EndProject
Project("{9A19103F-16F7-4668-BE54-9A1E7A4F7556}") = "Pathfinding", "src\Pathfinding\Pathfinding.csproj", "{953A8A91-DBD5-4828-96CB-1AE4E018CCC8}"
EndProject
Project("{9A19103F-16F7-4668-BE54-9A1E7A4F7556}") = "Mob", "src\Mob\Mob.csproj", "{EABC7E62-9622-49EC-AE2B-CFD4B219CF04}"
EndProject
Project("{9A19103F-16F7-4668-BE54-9A1E7A4F7556}") = "Work", "src\Work\Work.csproj", "{2AD2BD69-2EAA-4251-AAA0-4F780C2BE712}"
EndProject
Project("{9A19103F-16F7-4668-BE54-9A1E7A4F7556}") = "Surface.Tests", "test\Surface.Tests\Surface.Tests.csproj", "{34F11582-67A2-43C4-B773-C88040A53446}"
EndProject
Project("{2150E333-8FDC-42A3-9474-1A3956D46DE8}") = "test", "test", "{C0259AC1-71F1-4218-85FC-D18BA8610ED6}"
EndProject
Project("{9A19103F-16F7-4668-BE54-9A1E7A4F7556}") = "MapGenerator.Tests", "test\MapGenerator.Tests\MapGenerator.Tests.csproj", "{4E7FE6FD-E6B0-4FF3-8E3C-A3C2301932E1}"
EndProject
Project("{9A19103F-16F7-4668-BE54-9A1E7A4F7556}") = "Work.Tests", "test\Work.Tests\Work.Tests.csproj", "{4E286B96-5E54-486D-A234-1C7FB34E400F}"
EndProject
Project("{9A19103F-16F7-4668-BE54-9A1E7A4F7556}") = "Mob.Tests", "test\Mob.Tests\Mob.Tests.csproj", "{D0069711-F488-4AD6-955F-BF80166CFCC3}"
EndProject
Project("{9A19103F-16F7-4668-BE54-9A1E7A4F7556}") = "Pathfinding.Tests", "test\Pathfinding.Tests\Pathfinding.Tests.csproj", "{E62FE734-4913-4E66-BEC1-70349E7D147D}"
EndProject
Project("{9A19103F-16F7-4668-BE54-9A1E7A4F7556}") = "Simulation", "src\Simulation\Simulation.csproj", "{76DFC6F2-2592-49D9-AA9A-CC5AC925AE63}"
EndProject
Project("{9A19103F-16F7-4668-BE54-9A1E7A4F7556}") = "Simulation.Tests", "test\Simulation.Tests\Simulation.Tests.csproj", "{360FE71D-BEAD-43CC-BE40-940CD56ACAC1}"
EndProject
Project("{9A19103F-16F7-4668-BE54-9A1E7A4F7556}") = "Pathfinding.Profiler", "test\Pathfinding.Profiler\Pathfinding.Profiler.csproj", "{4026C08F-5F59-448F-A0ED-B328EFB31974}"
EndProject
Project("{2150E333-8FDC-42A3-9474-1A3956D46DE8}") = "Solution Items", "Solution Items", "{59E1E8C3-CE53-4FAE-A1C1-2C7F7BF6BD5C}"
	ProjectSection(SolutionItems) = preProject
		.editorconfig = .editorconfig
		Directory.Build.props = Directory.Build.props
	EndProjectSection
EndProject
Project("{2150E333-8FDC-42A3-9474-1A3956D46DE8}") = "src", "src", "{FF0DC12D-50ED-4CEE-AC1B-5D1B84B99834}"
EndProject
Project("{9A19103F-16F7-4668-BE54-9A1E7A4F7556}") = "Shared", "src\Shared\Shared.csproj", "{07F5195C-204E-4785-A882-31C71B83DB2C}"
EndProject
Project("{FAE04EC0-301F-11D3-BF4B-00C04F79EFBC}") = "Shared.Abstractions", "src\Shared.Abstractions\Shared.Abstractions.csproj", "{024F850F-DAAC-4492-9A63-FBFF265B3B2E}"
EndProject
Global
	GlobalSection(SolutionConfigurationPlatforms) = preSolution
		Debug|Any CPU = Debug|Any CPU
		Release|Any CPU = Release|Any CPU
	EndGlobalSection
	GlobalSection(ProjectConfigurationPlatforms) = postSolution
		{189C5EFC-6197-49D0-AF80-7E690BE1F58E}.Debug|Any CPU.ActiveCfg = Debug|Any CPU
		{189C5EFC-6197-49D0-AF80-7E690BE1F58E}.Debug|Any CPU.Build.0 = Debug|Any CPU
		{189C5EFC-6197-49D0-AF80-7E690BE1F58E}.Release|Any CPU.ActiveCfg = Release|Any CPU
		{189C5EFC-6197-49D0-AF80-7E690BE1F58E}.Release|Any CPU.Build.0 = Release|Any CPU
		{69047061-7742-4072-B082-30C422DEEB8E}.Debug|Any CPU.ActiveCfg = Debug|Any CPU
		{69047061-7742-4072-B082-30C422DEEB8E}.Debug|Any CPU.Build.0 = Debug|Any CPU
		{69047061-7742-4072-B082-30C422DEEB8E}.Release|Any CPU.ActiveCfg = Release|Any CPU
		{69047061-7742-4072-B082-30C422DEEB8E}.Release|Any CPU.Build.0 = Release|Any CPU
		{953A8A91-DBD5-4828-96CB-1AE4E018CCC8}.Debug|Any CPU.ActiveCfg = Debug|Any CPU
		{953A8A91-DBD5-4828-96CB-1AE4E018CCC8}.Debug|Any CPU.Build.0 = Debug|Any CPU
		{953A8A91-DBD5-4828-96CB-1AE4E018CCC8}.Release|Any CPU.ActiveCfg = Release|Any CPU
		{953A8A91-DBD5-4828-96CB-1AE4E018CCC8}.Release|Any CPU.Build.0 = Release|Any CPU
		{EABC7E62-9622-49EC-AE2B-CFD4B219CF04}.Debug|Any CPU.ActiveCfg = Debug|Any CPU
		{EABC7E62-9622-49EC-AE2B-CFD4B219CF04}.Debug|Any CPU.Build.0 = Debug|Any CPU
		{EABC7E62-9622-49EC-AE2B-CFD4B219CF04}.Release|Any CPU.ActiveCfg = Release|Any CPU
		{EABC7E62-9622-49EC-AE2B-CFD4B219CF04}.Release|Any CPU.Build.0 = Release|Any CPU
		{2AD2BD69-2EAA-4251-AAA0-4F780C2BE712}.Debug|Any CPU.ActiveCfg = Debug|Any CPU
		{2AD2BD69-2EAA-4251-AAA0-4F780C2BE712}.Debug|Any CPU.Build.0 = Debug|Any CPU
		{2AD2BD69-2EAA-4251-AAA0-4F780C2BE712}.Release|Any CPU.ActiveCfg = Release|Any CPU
		{2AD2BD69-2EAA-4251-AAA0-4F780C2BE712}.Release|Any CPU.Build.0 = Release|Any CPU
		{34F11582-67A2-43C4-B773-C88040A53446}.Debug|Any CPU.ActiveCfg = Debug|Any CPU
		{34F11582-67A2-43C4-B773-C88040A53446}.Debug|Any CPU.Build.0 = Debug|Any CPU
		{34F11582-67A2-43C4-B773-C88040A53446}.Release|Any CPU.ActiveCfg = Release|Any CPU
		{34F11582-67A2-43C4-B773-C88040A53446}.Release|Any CPU.Build.0 = Release|Any CPU
		{4E7FE6FD-E6B0-4FF3-8E3C-A3C2301932E1}.Debug|Any CPU.ActiveCfg = Debug|Any CPU
		{4E7FE6FD-E6B0-4FF3-8E3C-A3C2301932E1}.Debug|Any CPU.Build.0 = Debug|Any CPU
		{4E7FE6FD-E6B0-4FF3-8E3C-A3C2301932E1}.Release|Any CPU.ActiveCfg = Release|Any CPU
		{4E7FE6FD-E6B0-4FF3-8E3C-A3C2301932E1}.Release|Any CPU.Build.0 = Release|Any CPU
		{4E286B96-5E54-486D-A234-1C7FB34E400F}.Debug|Any CPU.ActiveCfg = Debug|Any CPU
		{4E286B96-5E54-486D-A234-1C7FB34E400F}.Debug|Any CPU.Build.0 = Debug|Any CPU
		{4E286B96-5E54-486D-A234-1C7FB34E400F}.Release|Any CPU.ActiveCfg = Release|Any CPU
		{4E286B96-5E54-486D-A234-1C7FB34E400F}.Release|Any CPU.Build.0 = Release|Any CPU
		{D0069711-F488-4AD6-955F-BF80166CFCC3}.Debug|Any CPU.ActiveCfg = Debug|Any CPU
		{D0069711-F488-4AD6-955F-BF80166CFCC3}.Debug|Any CPU.Build.0 = Debug|Any CPU
		{D0069711-F488-4AD6-955F-BF80166CFCC3}.Release|Any CPU.ActiveCfg = Release|Any CPU
		{D0069711-F488-4AD6-955F-BF80166CFCC3}.Release|Any CPU.Build.0 = Release|Any CPU
		{E62FE734-4913-4E66-BEC1-70349E7D147D}.Debug|Any CPU.ActiveCfg = Debug|Any CPU
		{E62FE734-4913-4E66-BEC1-70349E7D147D}.Debug|Any CPU.Build.0 = Debug|Any CPU
		{E62FE734-4913-4E66-BEC1-70349E7D147D}.Release|Any CPU.ActiveCfg = Release|Any CPU
		{E62FE734-4913-4E66-BEC1-70349E7D147D}.Release|Any CPU.Build.0 = Release|Any CPU
		{76DFC6F2-2592-49D9-AA9A-CC5AC925AE63}.Debug|Any CPU.ActiveCfg = Debug|Any CPU
		{76DFC6F2-2592-49D9-AA9A-CC5AC925AE63}.Debug|Any CPU.Build.0 = Debug|Any CPU
		{76DFC6F2-2592-49D9-AA9A-CC5AC925AE63}.Release|Any CPU.ActiveCfg = Release|Any CPU
		{76DFC6F2-2592-49D9-AA9A-CC5AC925AE63}.Release|Any CPU.Build.0 = Release|Any CPU
		{360FE71D-BEAD-43CC-BE40-940CD56ACAC1}.Debug|Any CPU.ActiveCfg = Debug|Any CPU
		{360FE71D-BEAD-43CC-BE40-940CD56ACAC1}.Debug|Any CPU.Build.0 = Debug|Any CPU
		{360FE71D-BEAD-43CC-BE40-940CD56ACAC1}.Release|Any CPU.ActiveCfg = Release|Any CPU
		{360FE71D-BEAD-43CC-BE40-940CD56ACAC1}.Release|Any CPU.Build.0 = Release|Any CPU
		{4026C08F-5F59-448F-A0ED-B328EFB31974}.Debug|Any CPU.ActiveCfg = Debug|Any CPU
		{4026C08F-5F59-448F-A0ED-B328EFB31974}.Debug|Any CPU.Build.0 = Debug|Any CPU
		{4026C08F-5F59-448F-A0ED-B328EFB31974}.Release|Any CPU.ActiveCfg = Release|Any CPU
		{4026C08F-5F59-448F-A0ED-B328EFB31974}.Release|Any CPU.Build.0 = Release|Any CPU
		{07F5195C-204E-4785-A882-31C71B83DB2C}.Debug|Any CPU.ActiveCfg = Debug|Any CPU
		{07F5195C-204E-4785-A882-31C71B83DB2C}.Debug|Any CPU.Build.0 = Debug|Any CPU
		{07F5195C-204E-4785-A882-31C71B83DB2C}.Release|Any CPU.ActiveCfg = Release|Any CPU
		{07F5195C-204E-4785-A882-31C71B83DB2C}.Release|Any CPU.Build.0 = Release|Any CPU
		{024F850F-DAAC-4492-9A63-FBFF265B3B2E}.Debug|Any CPU.ActiveCfg = Debug|Any CPU
		{024F850F-DAAC-4492-9A63-FBFF265B3B2E}.Debug|Any CPU.Build.0 = Debug|Any CPU
		{024F850F-DAAC-4492-9A63-FBFF265B3B2E}.Release|Any CPU.ActiveCfg = Release|Any CPU
		{024F850F-DAAC-4492-9A63-FBFF265B3B2E}.Release|Any CPU.Build.0 = Release|Any CPU
	EndGlobalSection
	GlobalSection(SolutionProperties) = preSolution
		HideSolutionNode = FALSE
	EndGlobalSection
	GlobalSection(NestedProjects) = preSolution
		{189C5EFC-6197-49D0-AF80-7E690BE1F58E} = {FF0DC12D-50ED-4CEE-AC1B-5D1B84B99834}
		{69047061-7742-4072-B082-30C422DEEB8E} = {FF0DC12D-50ED-4CEE-AC1B-5D1B84B99834}
		{953A8A91-DBD5-4828-96CB-1AE4E018CCC8} = {FF0DC12D-50ED-4CEE-AC1B-5D1B84B99834}
		{EABC7E62-9622-49EC-AE2B-CFD4B219CF04} = {FF0DC12D-50ED-4CEE-AC1B-5D1B84B99834}
		{2AD2BD69-2EAA-4251-AAA0-4F780C2BE712} = {FF0DC12D-50ED-4CEE-AC1B-5D1B84B99834}
		{34F11582-67A2-43C4-B773-C88040A53446} = {C0259AC1-71F1-4218-85FC-D18BA8610ED6}
		{4E7FE6FD-E6B0-4FF3-8E3C-A3C2301932E1} = {C0259AC1-71F1-4218-85FC-D18BA8610ED6}
		{4E286B96-5E54-486D-A234-1C7FB34E400F} = {C0259AC1-71F1-4218-85FC-D18BA8610ED6}
		{D0069711-F488-4AD6-955F-BF80166CFCC3} = {C0259AC1-71F1-4218-85FC-D18BA8610ED6}
		{E62FE734-4913-4E66-BEC1-70349E7D147D} = {C0259AC1-71F1-4218-85FC-D18BA8610ED6}
		{76DFC6F2-2592-49D9-AA9A-CC5AC925AE63} = {FF0DC12D-50ED-4CEE-AC1B-5D1B84B99834}
		{360FE71D-BEAD-43CC-BE40-940CD56ACAC1} = {C0259AC1-71F1-4218-85FC-D18BA8610ED6}
		{4026C08F-5F59-448F-A0ED-B328EFB31974} = {C0259AC1-71F1-4218-85FC-D18BA8610ED6}
		{07F5195C-204E-4785-A882-31C71B83DB2C} = {FF0DC12D-50ED-4CEE-AC1B-5D1B84B99834}
		{024F850F-DAAC-4492-9A63-FBFF265B3B2E} = {FF0DC12D-50ED-4CEE-AC1B-5D1B84B99834}
	EndGlobalSection
	GlobalSection(ExtensibilityGlobals) = postSolution
		SolutionGuid = {E9E2275F-96B9-4C53-B602-EB948D73A747}
	EndGlobalSection
EndGlobal
